// !$*UTF8*$!
{
	archiveVersion = 1;
	classes = {
	};
	objectVersion = 77;
	objects = {

/* Begin PBXContainerItemProxy section */
		6BEEF1912D8E0115009FD8B7 /* PBXContainerItemProxy */ = {
			isa = PBXContainerItemProxy;
			containerPortal = 6BEEF1782D8E0114009FD8B7 /* Project object */;
			proxyType = 1;
			remoteGlobalIDString = 6BEEF17F2D8E0114009FD8B7;
			remoteInfo = ProCare;
		};
		6BEEF19B2D8E0115009FD8B7 /* PBXContainerItemProxy */ = {
			isa = PBXContainerItemProxy;
			containerPortal = 6BEEF1782D8E0114009FD8B7 /* Project object */;
			proxyType = 1;
			remoteGlobalIDString = 6BEEF17F2D8E0114009FD8B7;
			remoteInfo = ProCare;
		};
/* End PBXContainerItemProxy section */

/* Begin PBXFileReference section */
		6BEEF1802D8E0114009FD8B7 /* ProCare.app */ = {isa = PBXFileReference; explicitFileType = wrapper.application; includeInIndex = 0; path = ProCare.app; sourceTree = BUILT_PRODUCTS_DIR; };
		6BEEF1902D8E0115009FD8B7 /* ProCareTests.xctest */ = {isa = PBXFileReference; explicitFileType = wrapper.cfbundle; includeInIndex = 0; path = ProCareTests.xctest; sourceTree = BUILT_PRODUCTS_DIR; };
		6BEEF19A2D8E0115009FD8B7 /* ProCareUITests.xctest */ = {isa = PBXFileReference; explicitFileType = wrapper.cfbundle; includeInIndex = 0; path = ProCareUITests.xctest; sourceTree = BUILT_PRODUCTS_DIR; };
/* End PBXFileReference section */

/* Begin PBXFileSystemSynchronizedBuildFileExceptionSet section */
		6B48D8D12D94B53A00C065D5 /* Exceptions for "ProCare" folder in "ProCare" target */ = {
			isa = PBXFileSystemSynchronizedBuildFileExceptionSet;
			membershipExceptions = (
				Info.plist,
			);
			target = 6BEEF17F2D8E0114009FD8B7 /* ProCare */;
		};
/* End PBXFileSystemSynchronizedBuildFileExceptionSet section */

/* Begin PBXFileSystemSynchronizedRootGroup section */
		6BEEF1822D8E0114009FD8B7 /* ProCare */ = {
			isa = PBXFileSystemSynchronizedRootGroup;
			exceptions = (
				6B48D8D12D94B53A00C065D5 /* Exceptions for "ProCare" folder in "ProCare" target */,
			);
			path = ProCare;
			sourceTree = "<group>";
		};
		6BEEF1932D8E0115009FD8B7 /* ProCareTests */ = {
			isa = PBXFileSystemSynchronizedRootGroup;
			path = ProCareTests;
			sourceTree = "<group>";
		};
		6BEEF19D2D8E0115009FD8B7 /* ProCareUITests */ = {
			isa = PBXFileSystemSynchronizedRootGroup;
			path = ProCareUITests;
			sourceTree = "<group>";
		};
/* End PBXFileSystemSynchronizedRootGroup section */

/* Begin PBXFrameworksBuildPhase section */
		6BEEF17D2D8E0114009FD8B7 /* Frameworks */ = {
			isa = PBXFrameworksBuildPhase;
			buildActionMask = 2147483647;
			files = (
			);
			runOnlyForDeploymentPostprocessing = 0;
		};
		6BEEF18D2D8E0115009FD8B7 /* Frameworks */ = {
			isa = PBXFrameworksBuildPhase;
			buildActionMask = 2147483647;
			files = (
			);
			runOnlyForDeploymentPostprocessing = 0;
		};
		6BEEF1972D8E0115009FD8B7 /* Frameworks */ = {
			isa = PBXFrameworksBuildPhase;
			buildActionMask = 2147483647;
			files = (
			);
			runOnlyForDeploymentPostprocessing = 0;
		};
/* End PBXFrameworksBuildPhase section */

/* Begin PBXGroup section */
		6BEEF1772D8E0114009FD8B7 = {
			isa = PBXGroup;
			children = (
				6BEEF1822D8E0114009FD8B7 /* ProCare */,
				6BEEF1932D8E0115009FD8B7 /* ProCareTests */,
				6BEEF19D2D8E0115009FD8B7 /* ProCareUITests */,
				6BEEF1812D8E0114009FD8B7 /* Products */,
			);
			sourceTree = "<group>";
		};
		6BEEF1812D8E0114009FD8B7 /* Products */ = {
			isa = PBXGroup;
			children = (
				6BEEF1802D8E0114009FD8B7 /* ProCare.app */,
				6BEEF1902D8E0115009FD8B7 /* ProCareTests.xctest */,
				6BEEF19A2D8E0115009FD8B7 /* ProCareUITests.xctest */,
			);
			name = Products;
			sourceTree = "<group>";
		};
/* End PBXGroup section */

/* Begin PBXNativeTarget section */
		6BEEF17F2D8E0114009FD8B7 /* ProCare */ = {
			isa = PBXNativeTarget;
			buildConfigurationList = 6BEEF1A42D8E0115009FD8B7 /* Build configuration list for PBXNativeTarget "ProCare" */;
			buildPhases = (
				6BEEF17C2D8E0114009FD8B7 /* Sources */,
				6BEEF17D2D8E0114009FD8B7 /* Frameworks */,
				6BEEF17E2D8E0114009FD8B7 /* Resources */,
			);
			buildRules = (
			);
			dependencies = (
			);
			fileSystemSynchronizedGroups = (
				6BEEF1822D8E0114009FD8B7 /* ProCare */,
			);
			name = ProCare;
			packageProductDependencies = (
			);
			productName = ProCare;
			productReference = 6BEEF1802D8E0114009FD8B7 /* ProCare.app */;
			productType = "com.apple.product-type.application";
		};
		6BEEF18F2D8E0115009FD8B7 /* ProCareTests */ = {
			isa = PBXNativeTarget;
			buildConfigurationList = 6BEEF1A72D8E0115009FD8B7 /* Build configuration list for PBXNativeTarget "ProCareTests" */;
			buildPhases = (
				6BEEF18C2D8E0115009FD8B7 /* Sources */,
				6BEEF18D2D8E0115009FD8B7 /* Frameworks */,
				6BEEF18E2D8E0115009FD8B7 /* Resources */,
			);
			buildRules = (
			);
			dependencies = (
				6BEEF1922D8E0115009FD8B7 /* PBXTargetDependency */,
			);
			fileSystemSynchronizedGroups = (
				6BEEF1932D8E0115009FD8B7 /* ProCareTests */,
			);
			name = ProCareTests;
			packageProductDependencies = (
			);
			productName = ProCareTests;
			productReference = 6BEEF1902D8E0115009FD8B7 /* ProCareTests.xctest */;
			productType = "com.apple.product-type.bundle.unit-test";
		};
		6BEEF1992D8E0115009FD8B7 /* ProCareUITests */ = {
			isa = PBXNativeTarget;
			buildConfigurationList = 6BEEF1AA2D8E0115009FD8B7 /* Build configuration list for PBXNativeTarget "ProCareUITests" */;
			buildPhases = (
				6BEEF1962D8E0115009FD8B7 /* Sources */,
				6BEEF1972D8E0115009FD8B7 /* Frameworks */,
				6BEEF1982D8E0115009FD8B7 /* Resources */,
			);
			buildRules = (
			);
			dependencies = (
				6BEEF19C2D8E0115009FD8B7 /* PBXTargetDependency */,
			);
			fileSystemSynchronizedGroups = (
				6BEEF19D2D8E0115009FD8B7 /* ProCareUITests */,
			);
			name = ProCareUITests;
			packageProductDependencies = (
			);
			productName = ProCareUITests;
			productReference = 6BEEF19A2D8E0115009FD8B7 /* ProCareUITests.xctest */;
			productType = "com.apple.product-type.bundle.ui-testing";
		};
/* End PBXNativeTarget section */

/* Begin PBXProject section */
		6BEEF1782D8E0114009FD8B7 /* Project object */ = {
			isa = PBXProject;
			attributes = {
				BuildIndependentTargetsInParallel = 1;
				LastSwiftUpdateCheck = 1620;
				LastUpgradeCheck = 1620;
				TargetAttributes = {
					6BEEF17F2D8E0114009FD8B7 = {
						CreatedOnToolsVersion = 16.2;
					};
					6BEEF18F2D8E0115009FD8B7 = {
						CreatedOnToolsVersion = 16.2;
						TestTargetID = 6BEEF17F2D8E0114009FD8B7;
					};
					6BEEF1992D8E0115009FD8B7 = {
						CreatedOnToolsVersion = 16.2;
						TestTargetID = 6BEEF17F2D8E0114009FD8B7;
					};
				};
			};
			buildConfigurationList = 6BEEF17B2D8E0114009FD8B7 /* Build configuration list for PBXProject "ProCare" */;
			developmentRegion = en;
			hasScannedForEncodings = 0;
			knownRegions = (
				en,
				Base,
				ar,
			);
			mainGroup = 6BEEF1772D8E0114009FD8B7;
			minimizedProjectReferenceProxies = 1;
			preferredProjectObjectVersion = 77;
			productRefGroup = 6BEEF1812D8E0114009FD8B7 /* Products */;
			projectDirPath = "";
			projectRoot = "";
			targets = (
				6BEEF17F2D8E0114009FD8B7 /* ProCare */,
				6BEEF18F2D8E0115009FD8B7 /* ProCareTests */,
				6BEEF1992D8E0115009FD8B7 /* ProCareUITests */,
			);
		};
/* End PBXProject section */

/* Begin PBXResourcesBuildPhase section */
		6BEEF17E2D8E0114009FD8B7 /* Resources */ = {
			isa = PBXResourcesBuildPhase;
			buildActionMask = 2147483647;
			files = (
			);
			runOnlyForDeploymentPostprocessing = 0;
		};
		6BEEF18E2D8E0115009FD8B7 /* Resources */ = {
			isa = PBXResourcesBuildPhase;
			buildActionMask = 2147483647;
			files = (
			);
			runOnlyForDeploymentPostprocessing = 0;
		};
		6BEEF1982D8E0115009FD8B7 /* Resources */ = {
			isa = PBXResourcesBuildPhase;
			buildActionMask = 2147483647;
			files = (
			);
			runOnlyForDeploymentPostprocessing = 0;
		};
/* End PBXResourcesBuildPhase section */

/* Begin PBXSourcesBuildPhase section */
		6BEEF17C2D8E0114009FD8B7 /* Sources */ = {
			isa = PBXSourcesBuildPhase;
			buildActionMask = 2147483647;
			files = (
			);
			runOnlyForDeploymentPostprocessing = 0;
		};
		6BEEF18C2D8E0115009FD8B7 /* Sources */ = {
			isa = PBXSourcesBuildPhase;
			buildActionMask = 2147483647;
			files = (
			);
			runOnlyForDeploymentPostprocessing = 0;
		};
		6BEEF1962D8E0115009FD8B7 /* Sources */ = {
			isa = PBXSourcesBuildPhase;
			buildActionMask = 2147483647;
			files = (
			);
			runOnlyForDeploymentPostprocessing = 0;
		};
/* End PBXSourcesBuildPhase section */

/* Begin PBXTargetDependency section */
		6BEEF1922D8E0115009FD8B7 /* PBXTargetDependency */ = {
			isa = PBXTargetDependency;
			target = 6BEEF17F2D8E0114009FD8B7 /* ProCare */;
			targetProxy = 6BEEF1912D8E0115009FD8B7 /* PBXContainerItemProxy */;
		};
		6BEEF19C2D8E0115009FD8B7 /* PBXTargetDependency */ = {
			isa = PBXTargetDependency;
			target = 6BEEF17F2D8E0114009FD8B7 /* ProCare */;
			targetProxy = 6BEEF19B2D8E0115009FD8B7 /* PBXContainerItemProxy */;
		};
/* End PBXTargetDependency section */

/* Begin XCBuildConfiguration section */
		6BEEF1A22D8E0115009FD8B7 /* Debug */ = {
			isa = XCBuildConfiguration;
			buildSettings = {
				ALWAYS_SEARCH_USER_PATHS = NO;
				ASSETCATALOG_COMPILER_GENERATE_SWIFT_ASSET_SYMBOL_EXTENSIONS = YES;
				CLANG_ANALYZER_NONNULL = YES;
				CLANG_ANALYZER_NUMBER_OBJECT_CONVERSION = YES_AGGRESSIVE;
				CLANG_CXX_LANGUAGE_STANDARD = "gnu++20";
				CLANG_ENABLE_MODULES = YES;
				CLANG_ENABLE_OBJC_ARC = YES;
				CLANG_ENABLE_OBJC_WEAK = YES;
				CLANG_WARN_BLOCK_CAPTURE_AUTORELEASING = YES;
				CLANG_WARN_BOOL_CONVERSION = YES;
				CLANG_WARN_COMMA = YES;
				CLANG_WARN_CONSTANT_CONVERSION = YES;
				CLANG_WARN_DEPRECATED_OBJC_IMPLEMENTATIONS = YES;
				CLANG_WARN_DIRECT_OBJC_ISA_USAGE = YES_ERROR;
				CLANG_WARN_DOCUMENTATION_COMMENTS = YES;
				CLANG_WARN_EMPTY_BODY = YES;
				CLANG_WARN_ENUM_CONVERSION = YES;
				CLANG_WARN_INFINITE_RECURSION = YES;
				CLANG_WARN_INT_CONVERSION = YES;
				CLANG_WARN_NON_LITERAL_NULL_CONVERSION = YES;
				CLANG_WARN_OBJC_IMPLICIT_RETAIN_SELF = YES;
				CLANG_WARN_OBJC_LITERAL_CONVERSION = YES;
				CLANG_WARN_OBJC_ROOT_CLASS = YES_ERROR;
				CLANG_WARN_QUOTED_INCLUDE_IN_FRAMEWORK_HEADER = YES;
				CLANG_WARN_RANGE_LOOP_ANALYSIS = YES;
				CLANG_WARN_STRICT_PROTOTYPES = YES;
				CLANG_WARN_SUSPICIOUS_MOVE = YES;
				CLANG_WARN_UNGUARDED_AVAILABILITY = YES_AGGRESSIVE;
				CLANG_WARN_UNREACHABLE_CODE = YES;
				CLANG_WARN__DUPLICATE_METHOD_MATCH = YES;
				COPY_PHASE_STRIP = NO;
				DEBUG_INFORMATION_FORMAT = dwarf;
				ENABLE_STRICT_OBJC_MSGSEND = YES;
				ENABLE_TESTABILITY = YES;
				ENABLE_USER_SCRIPT_SANDBOXING = YES;
				GCC_C_LANGUAGE_STANDARD = gnu17;
				GCC_DYNAMIC_NO_PIC = NO;
				GCC_NO_COMMON_BLOCKS = YES;
				GCC_OPTIMIZATION_LEVEL = 0;
				GCC_PREPROCESSOR_DEFINITIONS = (
					"DEBUG=1",
					"$(inherited)",
				);
				GCC_WARN_64_TO_32_BIT_CONVERSION = YES;
				GCC_WARN_ABOUT_RETURN_TYPE = YES_ERROR;
				GCC_WARN_UNDECLARED_SELECTOR = YES;
				GCC_WARN_UNINITIALIZED_AUTOS = YES_AGGRESSIVE;
				GCC_WARN_UNUSED_FUNCTION = YES;
				GCC_WARN_UNUSED_VARIABLE = YES;
				IPHONEOS_DEPLOYMENT_TARGET = 18.2;
				LOCALIZATION_PREFERS_STRING_CATALOGS = YES;
				MTL_ENABLE_DEBUG_INFO = INCLUDE_SOURCE;
				MTL_FAST_MATH = YES;
				ONLY_ACTIVE_ARCH = YES;
				SDKROOT = iphoneos;
				SWIFT_ACTIVE_COMPILATION_CONDITIONS = "DEBUG $(inherited)";
				SWIFT_OPTIMIZATION_LEVEL = "-Onone";
			};
			name = Debug;
		};
		6BEEF1A32D8E0115009FD8B7 /* Release */ = {
			isa = XCBuildConfiguration;
			buildSettings = {
				ALWAYS_SEARCH_USER_PATHS = NO;
				ASSETCATALOG_COMPILER_GENERATE_SWIFT_ASSET_SYMBOL_EXTENSIONS = YES;
				CLANG_ANALYZER_NONNULL = YES;
				CLANG_ANALYZER_NUMBER_OBJECT_CONVERSION = YES_AGGRESSIVE;
				CLANG_CXX_LANGUAGE_STANDARD = "gnu++20";
				CLANG_ENABLE_MODULES = YES;
				CLANG_ENABLE_OBJC_ARC = YES;
				CLANG_ENABLE_OBJC_WEAK = YES;
				CLANG_WARN_BLOCK_CAPTURE_AUTORELEASING = YES;
				CLANG_WARN_BOOL_CONVERSION = YES;
				CLANG_WARN_COMMA = YES;
				CLANG_WARN_CONSTANT_CONVERSION = YES;
				CLANG_WARN_DEPRECATED_OBJC_IMPLEMENTATIONS = YES;
				CLANG_WARN_DIRECT_OBJC_ISA_USAGE = YES_ERROR;
				CLANG_WARN_DOCUMENTATION_COMMENTS = YES;
				CLANG_WARN_EMPTY_BODY = YES;
				CLANG_WARN_ENUM_CONVERSION = YES;
				CLANG_WARN_INFINITE_RECURSION = YES;
				CLANG_WARN_INT_CONVERSION = YES;
				CLANG_WARN_NON_LITERAL_NULL_CONVERSION = YES;
				CLANG_WARN_OBJC_IMPLICIT_RETAIN_SELF = YES;
				CLANG_WARN_OBJC_LITERAL_CONVERSION = YES;
				CLANG_WARN_OBJC_ROOT_CLASS = YES_ERROR;
				CLANG_WARN_QUOTED_INCLUDE_IN_FRAMEWORK_HEADER = YES;
				CLANG_WARN_RANGE_LOOP_ANALYSIS = YES;
				CLANG_WARN_STRICT_PROTOTYPES = YES;
				CLANG_WARN_SUSPICIOUS_MOVE = YES;
				CLANG_WARN_UNGUARDED_AVAILABILITY = YES_AGGRESSIVE;
				CLANG_WARN_UNREACHABLE_CODE = YES;
				CLANG_WARN__DUPLICATE_METHOD_MATCH = YES;
				COPY_PHASE_STRIP = NO;
				DEBUG_INFORMATION_FORMAT = "dwarf-with-dsym";
				ENABLE_NS_ASSERTIONS = NO;
				ENABLE_STRICT_OBJC_MSGSEND = YES;
				ENABLE_USER_SCRIPT_SANDBOXING = YES;
				GCC_C_LANGUAGE_STANDARD = gnu17;
				GCC_NO_COMMON_BLOCKS = YES;
				GCC_WARN_64_TO_32_BIT_CONVERSION = YES;
				GCC_WARN_ABOUT_RETURN_TYPE = YES_ERROR;
				GCC_WARN_UNDECLARED_SELECTOR = YES;
				GCC_WARN_UNINITIALIZED_AUTOS = YES_AGGRESSIVE;
				GCC_WARN_UNUSED_FUNCTION = YES;
				GCC_WARN_UNUSED_VARIABLE = YES;
				IPHONEOS_DEPLOYMENT_TARGET = 18.2;
				LOCALIZATION_PREFERS_STRING_CATALOGS = YES;
				MTL_ENABLE_DEBUG_INFO = NO;
				MTL_FAST_MATH = YES;
				SDKROOT = iphoneos;
				SWIFT_COMPILATION_MODE = wholemodule;
				VALIDATE_PRODUCT = YES;
			};
			name = Release;
		};
		6BEEF1A52D8E0115009FD8B7 /* Debug */ = {
			isa = XCBuildConfiguration;
			buildSettings = {
				ASSETCATALOG_COMPILER_APPICON_NAME = AppIcon;
				ASSETCATALOG_COMPILER_GLOBAL_ACCENT_COLOR_NAME = AccentColor;
				CODE_SIGN_IDENTITY = "Apple Development";
				CODE_SIGN_STYLE = Automatic;
				CURRENT_PROJECT_VERSION = 1;
				DEVELOPMENT_ASSET_PATHS = "\"ProCare/Preview Content\"";
				DEVELOPMENT_TEAM = DMQW7G8DCY;
				ENABLE_PREVIEWS = YES;
				GENERATE_INFOPLIST_FILE = YES;
				INFOPLIST_FILE = ProCare/Info.plist;
				INFOPLIST_KEY_NSLocationAlwaysAndWhenInUseUsageDescription = "We need your location even when the app is in the background.";
				INFOPLIST_KEY_NSLocationWhenInUseUsageDescription = "We need your location to provide location-based services.";
				INFOPLIST_KEY_UIApplicationSceneManifest_Generation = YES;
				INFOPLIST_KEY_UIApplicationSupportsIndirectInputEvents = YES;
				INFOPLIST_KEY_UILaunchScreen_Generation = YES;
				INFOPLIST_KEY_UISupportedInterfaceOrientations_iPad = "UIInterfaceOrientationPortrait UIInterfaceOrientationPortraitUpsideDown UIInterfaceOrientationLandscapeLeft UIInterfaceOrientationLandscapeRight";
				INFOPLIST_KEY_UISupportedInterfaceOrientations_iPhone = "UIInterfaceOrientationPortrait UIInterfaceOrientationLandscapeLeft UIInterfaceOrientationLandscapeRight";
				IPHONEOS_DEPLOYMENT_TARGET = 16.6;
				LD_RUNPATH_SEARCH_PATHS = (
					"$(inherited)",
					"@executable_path/Frameworks",
				);
				MARKETING_VERSION = 1.0;
				PRODUCT_BUNDLE_IDENTIFIER = yousse.ProCare;
				PRODUCT_NAME = "$(TARGET_NAME)";
				PROVISIONING_PROFILE_SPECIFIER = "";
				SWIFT_EMIT_LOC_STRINGS = YES;
				SWIFT_VERSION = 5.0;
				TARGETED_DEVICE_FAMILY = "1,2";
			};
			name = Debug;
		};
		6BEEF1A62D8E0115009FD8B7 /* Release */ = {
			isa = XCBuildConfiguration;
			buildSettings = {
				ASSETCATALOG_COMPILER_APPICON_NAME = AppIcon;
				ASSETCATALOG_COMPILER_GLOBAL_ACCENT_COLOR_NAME = AccentColor;
				CODE_SIGN_IDENTITY = "Apple Development";
				CODE_SIGN_STYLE = Automatic;
				CURRENT_PROJECT_VERSION = 1;
				DEVELOPMENT_ASSET_PATHS = "\"ProCare/Preview Content\"";
				DEVELOPMENT_TEAM = DMQW7G8DCY;
				ENABLE_PREVIEWS = YES;
				GENERATE_INFOPLIST_FILE = YES;
				INFOPLIST_FILE = ProCare/Info.plist;
				INFOPLIST_KEY_NSLocationAlwaysAndWhenInUseUsageDescription = "We need your location even when the app is in the background.";
				INFOPLIST_KEY_NSLocationWhenInUseUsageDescription = "We need your location to provide location-based services.";
				INFOPLIST_KEY_UIApplicationSceneManifest_Generation = YES;
				INFOPLIST_KEY_UIApplicationSupportsIndirectInputEvents = YES;
				INFOPLIST_KEY_UILaunchScreen_Generation = YES;
				INFOPLIST_KEY_UISupportedInterfaceOrientations_iPad = "UIInterfaceOrientationPortrait UIInterfaceOrientationPortraitUpsideDown UIInterfaceOrientationLandscapeLeft UIInterfaceOrientationLandscapeRight";
				INFOPLIST_KEY_UISupportedInterfaceOrientations_iPhone = "UIInterfaceOrientationPortrait UIInterfaceOrientationLandscapeLeft UIInterfaceOrientationLandscapeRight";
				IPHONEOS_DEPLOYMENT_TARGET = 16.6;
				LD_RUNPATH_SEARCH_PATHS = (
					"$(inherited)",
					"@executable_path/Frameworks",
				);
				MARKETING_VERSION = 1.0;
				PRODUCT_BUNDLE_IDENTIFIER = yousse.ProCare;
				PRODUCT_NAME = "$(TARGET_NAME)";
				PROVISIONING_PROFILE_SPECIFIER = "";
				SWIFT_EMIT_LOC_STRINGS = YES;
				SWIFT_VERSION = 5.0;
				TARGETED_DEVICE_FAMILY = "1,2";
			};
			name = Release;
		};
		6BEEF1A82D8E0115009FD8B7 /* Debug */ = {
			isa = XCBuildConfiguration;
			buildSettings = {
				BUNDLE_LOADER = "$(TEST_HOST)";
				CODE_SIGN_STYLE = Automatic;
				CURRENT_PROJECT_VERSION = 1;
				GENERATE_INFOPLIST_FILE = YES;
				IPHONEOS_DEPLOYMENT_TARGET = 18.2;
				MARKETING_VERSION = 1.0;
				PRODUCT_BUNDLE_IDENTIFIER = com.ProCareTests;
				PRODUCT_NAME = "$(TARGET_NAME)";
				SWIFT_EMIT_LOC_STRINGS = NO;
				SWIFT_VERSION = 5.0;
				TARGETED_DEVICE_FAMILY = "1,2";
				TEST_HOST = "$(BUILT_PRODUCTS_DIR)/ProCare.app/$(BUNDLE_EXECUTABLE_FOLDER_PATH)/ProCare";
			};
			name = Debug;
		};
		6BEEF1A92D8E0115009FD8B7 /* Release */ = {
			isa = XCBuildConfiguration;
			buildSettings = {
				BUNDLE_LOADER = "$(TEST_HOST)";
				CODE_SIGN_STYLE = Automatic;
				CURRENT_PROJECT_VERSION = 1;
				GENERATE_INFOPLIST_FILE = YES;
				IPHONEOS_DEPLOYMENT_TARGET = 18.2;
				MARKETING_VERSION = 1.0;
				PRODUCT_BUNDLE_IDENTIFIER = com.ProCareTests;
				PRODUCT_NAME = "$(TARGET_NAME)";
				SWIFT_EMIT_LOC_STRINGS = NO;
				SWIFT_VERSION = 5.0;
				TARGETED_DEVICE_FAMILY = "1,2";
				TEST_HOST = "$(BUILT_PRODUCTS_DIR)/ProCare.app/$(BUNDLE_EXECUTABLE_FOLDER_PATH)/ProCare";
			};
			name = Release;
		};
		6BEEF1AB2D8E0115009FD8B7 /* Debug */ = {
			isa = XCBuildConfiguration;
			buildSettings = {
				CODE_SIGN_STYLE = Automatic;
				CURRENT_PROJECT_VERSION = 1;
				GENERATE_INFOPLIST_FILE = YES;
				MARKETING_VERSION = 1.0;
				PRODUCT_BUNDLE_IDENTIFIER = com.ProCareUITests;
				PRODUCT_NAME = "$(TARGET_NAME)";
				SWIFT_EMIT_LOC_STRINGS = NO;
				SWIFT_VERSION = 5.0;
				TARGETED_DEVICE_FAMILY = "1,2";
				TEST_TARGET_NAME = ProCare;
			};
			name = Debug;
		};
		6BEEF1AC2D8E0115009FD8B7 /* Release */ = {
			isa = XCBuildConfiguration;
			buildSettings = {
				CODE_SIGN_STYLE = Automatic;
				CURRENT_PROJECT_VERSION = 1;
				GENERATE_INFOPLIST_FILE = YES;
				MARKETING_VERSION = 1.0;
				PRODUCT_BUNDLE_IDENTIFIER = com.ProCareUITests;
				PRODUCT_NAME = "$(TARGET_NAME)";
				SWIFT_EMIT_LOC_STRINGS = NO;
				SWIFT_VERSION = 5.0;
				TARGETED_DEVICE_FAMILY = "1,2";
				TEST_TARGET_NAME = ProCare;
			};
			name = Release;
		};
/* End XCBuildConfiguration section */

/* Begin XCConfigurationList section */
		6BEEF17B2D8E0114009FD8B7 /* Build configuration list for PBXProject "ProCare" */ = {
			isa = XCConfigurationList;
			buildConfigurations = (
				6BEEF1A22D8E0115009FD8B7 /* Debug */,
				6BEEF1A32D8E0115009FD8B7 /* Release */,
			);
			defaultConfigurationIsVisible = 0;
			defaultConfigurationName = Release;
		};
		6BEEF1A42D8E0115009FD8B7 /* Build configuration list for PBXNativeTarget "ProCare" */ = {
			isa = XCConfigurationList;
			buildConfigurations = (
				6BEEF1A52D8E0115009FD8B7 /* Debug */,
				6BEEF1A62D8E0115009FD8B7 /* Release */,
			);
			defaultConfigurationIsVisible = 0;
			defaultConfigurationName = Release;
		};
		6BEEF1A72D8E0115009FD8B7 /* Build configuration list for PBXNativeTarget "ProCareTests" */ = {
			isa = XCConfigurationList;
			buildConfigurations = (
				6BEEF1A82D8E0115009FD8B7 /* Debug */,
				6BEEF1A92D8E0115009FD8B7 /* Release */,
			);
			defaultConfigurationIsVisible = 0;
			defaultConfigurationName = Release;
		};
		6BEEF1AA2D8E0115009FD8B7 /* Build configuration list for PBXNativeTarget "ProCareUITests" */ = {
			isa = XCConfigurationList;
			buildConfigurations = (
				6BEEF1AB2D8E0115009FD8B7 /* Debug */,
				6BEEF1AC2D8E0115009FD8B7 /* Release */,
			);
			defaultConfigurationIsVisible = 0;
			defaultConfigurationName = Release;
		};
/* End XCConfigurationList section */
	};
	rootObject = 6BEEF1782D8E0114009FD8B7 /* Project object */;
}
